
Microsoft Visual Studio Solution File, Format Version 12.00
# Visual Studio 15
VisualStudioVersion = 15.0.28307.168
MinimumVisualStudioVersion = 10.0.40219.1
Project("{FAE04EC0-301F-11D3-BF4B-00C04F79EFBC}") = "PuzzleMeWindowsProject", "PuzzleMeWindowsProject\PuzzleMeWindowsProject.csproj", "{ACB394B4-EDFD-4F17-9E5D-6D34BA0B3BF3}"
EndProject
Global
	GlobalSection(SolutionConfigurationPlatforms) = preSolution
		Debug|x86 = Debug|x86
		Release|x86 = Release|x86
	EndGlobalSection
	GlobalSection(ProjectConfigurationPlatforms) = postSolution
		{ACB394B4-EDFD-4F17-9E5D-6D34BA0B3BF3}.Debug|x86.ActiveCfg = Debug|x86
		{ACB394B4-EDFD-4F17-9E5D-6D34BA0B3BF3}.Debug|x86.Build.0 = Debug|x86
		{ACB394B4-EDFD-4F17-9E5D-6D34BA0B3BF3}.Release|x86.ActiveCfg = Release|x86
		{ACB394B4-EDFD-4F17-9E5D-6D34BA0B3BF3}.Release|x86.Build.0 = Release|x86
	EndGlobalSection
	GlobalSection(SolutionProperties) = preSolution
		HideSolutionNode = FALSE
	EndGlobalSection
	GlobalSection(ExtensibilityGlobals) = postSolution
		SolutionGuid = {C4645DF9-1662-4245-922F-6B0101AA1D40}
	EndGlobalSection
EndGlobal
